// !$*UTF8*$!
{
	archiveVersion = 1;
	classes = {
	};
	objectVersion = 90;
	objects = {

/* Begin PBXAggregateTarget section */
		442D25932B0603B200204800 /* Installer */ = {
			isa = PBXAggregateTarget;
			buildConfigurationList = 442D25942B0603B200204800 /* Build configuration list for PBXAggregateTarget "Installer" */;
			buildPhases = (
				442D25A42B0605CB00204800 /* Build Installer */,
			);
			dependencies = (
				442D25982B0603C800204800 /* PBXTargetDependency */,
			);
			name = Installer;
			productName = Installer;
		};
/* End PBXAggregateTarget section */

/* Begin PBXBuildFile section */
		44098FE52DE0107800FAA397 /* mapping-uk.html in Resources */ = {isa = PBXBuildFile; fileRef = 44098FE42DE0107800FAA397 /* mapping-uk.html */; };
		44098FE72DE012D100FAA397 /* mapping-uk.translit-ru.html in Resources */ = {isa = PBXBuildFile; fileRef = 44098FE62DE012D100FAA397 /* mapping-uk.translit-ru.html */; };
		4428E4132DDDCCD7006C1285 /* mapping-ru.translit-ru.html in Resources */ = {isa = PBXBuildFile; fileRef = 4428E4122DDDCCD7006C1285 /* mapping-ru.translit-ru.html */; };
		4428E4142DDDCCD7006C1285 /* mapping-he.html in Resources */ = {isa = PBXBuildFile; fileRef = 4428E4102DDDCCD7006C1285 /* mapping-he.html */; };
		4428E4152DDDCCD7006C1285 /* mapping-ru.html in Resources */ = {isa = PBXBuildFile; fileRef = 4428E4112DDDCCD7006C1285 /* mapping-ru.html */; };
		442D25822B044EE000204800 /* MappingsWindowController.mm in Sources */ = {isa = PBXBuildFile; fileRef = 442D25812B044EE000204800 /* MappingsWindowController.mm */; };
		442D25A82B06C56200204800 /* Carbon.framework in Frameworks */ = {isa = PBXBuildFile; fileRef = 442D25872B04AEA200204800 /* Carbon.framework */; };
		442D25AC2B08339F00204800 /* AboutWindowController.mm in Sources */ = {isa = PBXBuildFile; fileRef = 442D25AB2B08339F00204800 /* AboutWindowController.mm */; };
		442D25AE2B088B5700204800 /* about.html in Resources */ = {isa = PBXBuildFile; fileRef = 442D25AD2B088B5700204800 /* about.html */; };
		442D25B22B089F2F00204800 /* WebKit.framework in Frameworks */ = {isa = PBXBuildFile; fileRef = 442D25B12B089F2F00204800 /* WebKit.framework */; };
		442D25B42B0A2E1B00204800 /* Transliterator.mm in Sources */ = {isa = PBXBuildFile; fileRef = 445D1E602AFE364900FA1C07 /* Transliterator.mm */; };
		442D25CA2B0B93D500204800 /* InfoPlist.strings in Resources */ = {isa = PBXBuildFile; fileRef = 442D25C82B0B93D500204800 /* InfoPlist.strings */; };
		442D25CC2B0CC97100204800 /* Uninstall.mm in Sources */ = {isa = PBXBuildFile; fileRef = 442D25CB2B0CC97100204800 /* Uninstall.mm */; };
		445D1E4C2AFE2C6C00FA1C07 /* AppDelegate.mm in Sources */ = {isa = PBXBuildFile; fileRef = 445D1E4B2AFE2C6C00FA1C07 /* AppDelegate.mm */; };
		445D1E4E2AFE2C6F00FA1C07 /* Assets.xcassets in Resources */ = {isa = PBXBuildFile; fileRef = 445D1E4D2AFE2C6F00FA1C07 /* Assets.xcassets */; };
		445D1E532AFE2C6F00FA1C07 /* main.mm in Sources */ = {isa = PBXBuildFile; fileRef = 445D1E522AFE2C6F00FA1C07 /* main.mm */; };
		445D1E5F2AFE35AA00FA1C07 /* InputController.mm in Sources */ = {isa = PBXBuildFile; fileRef = 445D1E5E2AFE35AA00FA1C07 /* InputController.mm */; };
		445D1E622AFE364900FA1C07 /* Transliterator.mm in Sources */ = {isa = PBXBuildFile; fileRef = 445D1E602AFE364900FA1C07 /* Transliterator.mm */; };
		445D1E662AFFA1F700FA1C07 /* InputMethodKit.framework in Frameworks */ = {isa = PBXBuildFile; fileRef = 445D1E652AFFA1F700FA1C07 /* InputMethodKit.framework */; };
		4475AD322B11F97F008DA122 /* TestPrefixMapper.mm in Sources */ = {isa = PBXBuildFile; fileRef = 4475AD312B11F97F008DA122 /* TestPrefixMapper.mm */; };
		447848812DDFA9D0008E6E36 /* uk.png in Resources */ = {isa = PBXBuildFile; fileRef = 447848802DDFA9D0008E6E36 /* uk.png */; };
		447848852DDFE178008E6E36 /* Languages.mm in Sources */ = {isa = PBXBuildFile; fileRef = 447848842DDFE16E008E6E36 /* Languages.mm */; };
		44B947CF2B4698E500B68C7E /* TestPerf.mm in Sources */ = {isa = PBXBuildFile; fileRef = 44B947CE2B4698E500B68C7E /* TestPerf.mm */; };
		44B947D12B469B4C00B68C7E /* TestMapper.mm in Sources */ = {isa = PBXBuildFile; fileRef = 44B947D02B469B4C00B68C7E /* TestMapper.mm */; };
		44C675842B02153F003A5BDE /* TestRu.mm in Sources */ = {isa = PBXBuildFile; fileRef = 44C675832B02153F003A5BDE /* TestRu.mm */; };
		44C675B62B021B0F003A5BDE /* Cocoa.framework in Frameworks */ = {isa = PBXBuildFile; fileRef = 44C675B52B021B0F003A5BDE /* Cocoa.framework */; };
		44C675BB2B026F43003A5BDE /* preferences.xib in Resources */ = {isa = PBXBuildFile; fileRef = 44C675BA2B026F43003A5BDE /* preferences.xib */; };
		44C675BD2B028225003A5BDE /* menu.xib in Resources */ = {isa = PBXBuildFile; fileRef = 44C675BC2B028225003A5BDE /* menu.xib */; };
		44C675C82B03515B003A5BDE /* mappings.xib in Resources */ = {isa = PBXBuildFile; fileRef = 44C675C72B03515B003A5BDE /* mappings.xib */; };
		44C675CB2B03E176003A5BDE /* ru.png in Resources */ = {isa = PBXBuildFile; fileRef = 44C675CA2B03E176003A5BDE /* ru.png */; };
		44C675CD2B040B87003A5BDE /* he.png in Resources */ = {isa = PBXBuildFile; fileRef = 44C675CC2B040B87003A5BDE /* he.png */; };
/* End PBXBuildFile section */

/* Begin PBXContainerItemProxy section */
		442D25972B0603C800204800 /* PBXContainerItemProxy */ = {
			isa = PBXContainerItemProxy;
			containerPortal = 445D1E3F2AFE2C6C00FA1C07 /* Project object */;
			proxyType = 1;
			remoteGlobalIDString = 445D1E462AFE2C6C00FA1C07;
			remoteInfo = Translit;
		};
		446DBB922B00BD53000B76EC /* PBXContainerItemProxy */ = {
			isa = PBXContainerItemProxy;
			containerPortal = 445D1E3F2AFE2C6C00FA1C07 /* Project object */;
			proxyType = 1;
			remoteGlobalIDString = 445D1E462AFE2C6C00FA1C07;
			remoteInfo = Translit;
		};
/* End PBXContainerItemProxy section */

/* Begin PBXFileReference section */
		44098FE42DE0107800FAA397 /* mapping-uk.html */ = {isa = PBXFileReference; lastKnownFileType = text.html; path = "mapping-uk.html"; sourceTree = "<group>"; };
		44098FE62DE012D100FAA397 /* mapping-uk.translit-ru.html */ = {isa = PBXFileReference; lastKnownFileType = text.html; path = "mapping-uk.translit-ru.html"; sourceTree = "<group>"; };
		4428E40D2DDD9DE4006C1285 /* InputControllerProtocol.hpp */ = {isa = PBXFileReference; lastKnownFileType = sourcecode.cpp.h; path = InputControllerProtocol.hpp; sourceTree = "<group>"; };
		4428E4102DDDCCD7006C1285 /* mapping-he.html */ = {isa = PBXFileReference; lastKnownFileType = text.html; path = "mapping-he.html"; sourceTree = "<group>"; };
		4428E4112DDDCCD7006C1285 /* mapping-ru.html */ = {isa = PBXFileReference; lastKnownFileType = text.html; path = "mapping-ru.html"; sourceTree = "<group>"; };
		4428E4122DDDCCD7006C1285 /* mapping-ru.translit-ru.html */ = {isa = PBXFileReference; lastKnownFileType = text.html; path = "mapping-ru.translit-ru.html"; sourceTree = "<group>"; };
		442D25802B044EE000204800 /* MappingsWindowController.hpp */ = {isa = PBXFileReference; explicitFileType = sourcecode.c.h; path = MappingsWindowController.hpp; sourceTree = "<group>"; };
		442D25812B044EE000204800 /* MappingsWindowController.mm */ = {isa = PBXFileReference; lastKnownFileType = sourcecode.cpp.objcpp; path = MappingsWindowController.mm; sourceTree = "<group>"; };
		442D25872B04AEA200204800 /* Carbon.framework */ = {isa = PBXFileReference; lastKnownFileType = wrapper.framework; name = Carbon.framework; path = System/Library/Frameworks/Carbon.framework; sourceTree = SDKROOT; };
		442D258A2B05F4D200204800 /* Version.xcconfig */ = {isa = PBXFileReference; lastKnownFileType = text.xcconfig; path = Version.xcconfig; sourceTree = "<group>"; };
		442D258C2B05F60900204800 /* Project.xcconfig */ = {isa = PBXFileReference; lastKnownFileType = text.xcconfig; path = Project.xcconfig; sourceTree = "<group>"; };
		442D258D2B05F74200204800 /* Project_Debug.xcconfig */ = {isa = PBXFileReference; lastKnownFileType = text.xcconfig; path = Project_Debug.xcconfig; sourceTree = "<group>"; };
		442D258E2B05F75000204800 /* Project_Release.xcconfig */ = {isa = PBXFileReference; lastKnownFileType = text.xcconfig; path = Project_Release.xcconfig; sourceTree = "<group>"; };
		442D258F2B05FB9C00204800 /* Translit.xcconfig */ = {isa = PBXFileReference; lastKnownFileType = text.xcconfig; path = Translit.xcconfig; sourceTree = "<group>"; };
		442D25922B06016600204800 /* TranslitTests.xcconfig */ = {isa = PBXFileReference; lastKnownFileType = text.xcconfig; path = TranslitTests.xcconfig; sourceTree = "<group>"; };
		442D259A2B06043800204800 /* distribution.xml */ = {isa = PBXFileReference; fileEncoding = 4; lastKnownFileType = text.xml; path = distribution.xml; sourceTree = "<group>"; };
		442D259C2B06043800204800 /* conclusion.html */ = {isa = PBXFileReference; fileEncoding = 4; lastKnownFileType = text.html; path = conclusion.html; sourceTree = "<group>"; };
		442D259D2B06043800204800 /* license.html */ = {isa = PBXFileReference; fileEncoding = 4; lastKnownFileType = text.html; path = license.html; sourceTree = "<group>"; };
		442D259E2B06043800204800 /* welcome.html */ = {isa = PBXFileReference; fileEncoding = 4; lastKnownFileType = text.html; path = welcome.html; sourceTree = "<group>"; };
		442D25A02B06043800204800 /* postinstall */ = {isa = PBXFileReference; fileEncoding = 4; lastKnownFileType = text.script.sh; path = postinstall; sourceTree = "<group>"; };
		442D25A12B06043800204800 /* preinstall */ = {isa = PBXFileReference; fileEncoding = 4; lastKnownFileType = text.script.sh; path = preinstall; sourceTree = "<group>"; };
		442D25A22B06043800204800 /* notarize */ = {isa = PBXFileReference; explicitFileType = text.script.python; fileEncoding = 4; path = notarize; sourceTree = "<group>"; };
		442D25A32B06043800204800 /* build.py */ = {isa = PBXFileReference; fileEncoding = 4; lastKnownFileType = text.script.python; path = build.py; sourceTree = "<group>"; };
		442D25A52B0627A100204800 /* LICENSE */ = {isa = PBXFileReference; lastKnownFileType = text; path = LICENSE; sourceTree = "<group>"; };
		442D25A62B062EBA00204800 /* Local.xcconfig */ = {isa = PBXFileReference; lastKnownFileType = text.xcconfig; path = Local.xcconfig; sourceTree = "<group>"; };
		442D25A72B06349800204800 /* Installer.xcconfig */ = {isa = PBXFileReference; lastKnownFileType = text.xcconfig; path = Installer.xcconfig; sourceTree = "<group>"; };
		442D25A92B07BFB600204800 /* pch.hpp */ = {isa = PBXFileReference; lastKnownFileType = sourcecode.cpp.h; path = pch.hpp; sourceTree = "<group>"; };
		442D25AA2B08339F00204800 /* AboutWindowController.hpp */ = {isa = PBXFileReference; explicitFileType = sourcecode.c.h; path = AboutWindowController.hpp; sourceTree = "<group>"; };
		442D25AB2B08339F00204800 /* AboutWindowController.mm */ = {isa = PBXFileReference; lastKnownFileType = sourcecode.cpp.objcpp; path = AboutWindowController.mm; sourceTree = "<group>"; };
		442D25AD2B088B5700204800 /* about.html */ = {isa = PBXFileReference; lastKnownFileType = text.html; path = about.html; sourceTree = "<group>"; };
		442D25B12B089F2F00204800 /* WebKit.framework */ = {isa = PBXFileReference; lastKnownFileType = wrapper.framework; name = WebKit.framework; path = System/Library/Frameworks/WebKit.framework; sourceTree = SDKROOT; };
		442D25B32B09699600204800 /* fetch */ = {isa = PBXFileReference; explicitFileType = text.script.python; path = fetch; sourceTree = "<group>"; };
		442D25B62B0AC70F00204800 /* set-github-keychain */ = {isa = PBXFileReference; explicitFileType = text.script.sh; path = "set-github-keychain"; sourceTree = "<group>"; };
		442D25B82B0AC76F00204800 /* test.yml */ = {isa = PBXFileReference; indentWidth = 2; lastKnownFileType = text.yaml; path = test.yml; sourceTree = "<group>"; tabWidth = 2; };
		442D25B92B0ACCA000204800 /* get-version */ = {isa = PBXFileReference; explicitFileType = text.script.python; path = "get-version"; sourceTree = "<group>"; };
		442D25BA2B0AD32400204800 /* publish.yml */ = {isa = PBXFileReference; indentWidth = 2; lastKnownFileType = text.yaml; path = publish.yml; sourceTree = "<group>"; tabWidth = 2; };
		442D25BB2B0ADC3A00204800 /* create-release */ = {isa = PBXFileReference; explicitFileType = text.script.python; path = "create-release"; sourceTree = "<group>"; };
		442D25BC2B0ADCB200204800 /* CHANGELOG.md */ = {isa = PBXFileReference; lastKnownFileType = net.daringfireball.markdown; path = CHANGELOG.md; sourceTree = "<group>"; };
		442D25BD2B0B2D2C00204800 /* TestCommon.hpp */ = {isa = PBXFileReference; lastKnownFileType = sourcecode.cpp.h; path = TestCommon.hpp; sourceTree = "<group>"; };
		442D25C02B0B308000204800 /* README.md */ = {isa = PBXFileReference; lastKnownFileType = net.daringfireball.markdown; path = README.md; sourceTree = "<group>"; };
		442D25C12B0B8C6C00204800 /* format-file */ = {isa = PBXFileReference; explicitFileType = text.script.python; path = "format-file"; sourceTree = "<group>"; };
		442D25C62B0B93A500204800 /* Info.plist */ = {isa = PBXFileReference; lastKnownFileType = text.plist.xml; path = Info.plist; sourceTree = "<group>"; };
		442D25C92B0B93D500204800 /* Base */ = {isa = PBXFileReference; lastKnownFileType = text.plist.strings; name = Base; path = Base.lproj/InfoPlist.strings; sourceTree = "<group>"; };
		442D25CB2B0CC97100204800 /* Uninstall.mm */ = {isa = PBXFileReference; lastKnownFileType = sourcecode.cpp.objcpp; path = Uninstall.mm; sourceTree = "<group>"; };
		442D25CD2B0CC9C200204800 /* Uninstall.hpp */ = {isa = PBXFileReference; lastKnownFileType = sourcecode.cpp.h; path = Uninstall.hpp; sourceTree = "<group>"; };
		445D1E472AFE2C6C00FA1C07 /* Translit.app */ = {isa = PBXFileReference; explicitFileType = wrapper.application; includeInIndex = 0; path = Translit.app; sourceTree = BUILT_PRODUCTS_DIR; };
		445D1E4A2AFE2C6C00FA1C07 /* AppDelegate.hpp */ = {isa = PBXFileReference; explicitFileType = sourcecode.c.h; path = AppDelegate.hpp; sourceTree = "<group>"; };
		445D1E4B2AFE2C6C00FA1C07 /* AppDelegate.mm */ = {isa = PBXFileReference; lastKnownFileType = sourcecode.cpp.objcpp; path = AppDelegate.mm; sourceTree = "<group>"; };
		445D1E4D2AFE2C6F00FA1C07 /* Assets.xcassets */ = {isa = PBXFileReference; lastKnownFileType = folder.assetcatalog; path = Assets.xcassets; sourceTree = "<group>"; };
		445D1E522AFE2C6F00FA1C07 /* main.mm */ = {isa = PBXFileReference; lastKnownFileType = sourcecode.cpp.objcpp; path = main.mm; sourceTree = "<group>"; };
		445D1E5E2AFE35AA00FA1C07 /* InputController.mm */ = {isa = PBXFileReference; lastKnownFileType = sourcecode.cpp.objcpp; path = InputController.mm; sourceTree = "<group>"; };
		445D1E602AFE364900FA1C07 /* Transliterator.mm */ = {isa = PBXFileReference; lastKnownFileType = sourcecode.cpp.objcpp; path = Transliterator.mm; sourceTree = "<group>"; };
		445D1E612AFE364900FA1C07 /* Transliterator.hpp */ = {isa = PBXFileReference; lastKnownFileType = sourcecode.cpp.h; path = Transliterator.hpp; sourceTree = "<group>"; };
		445D1E652AFFA1F700FA1C07 /* InputMethodKit.framework */ = {isa = PBXFileReference; lastKnownFileType = wrapper.framework; name = InputMethodKit.framework; path = System/Library/Frameworks/InputMethodKit.framework; sourceTree = SDKROOT; };
		445D1E712AFFFAB800FA1C07 /* Info.plist */ = {isa = PBXFileReference; lastKnownFileType = text.plist.xml; path = Info.plist; sourceTree = "<group>"; };
		445D1E732AFFFAE600FA1C07 /* Base */ = {isa = PBXFileReference; lastKnownFileType = text.plist.strings; name = Base; path = Base.lproj/InfoPlist.strings; sourceTree = "<group>"; };
		446DBB8E2B00BD53000B76EC /* TranslitTests.xctest */ = {isa = PBXFileReference; explicitFileType = wrapper.cfbundle; includeInIndex = 0; path = TranslitTests.xctest; sourceTree = BUILT_PRODUCTS_DIR; };
		4475AD302B11EEE4008DA122 /* Mapper.hpp */ = {isa = PBXFileReference; lastKnownFileType = sourcecode.cpp.h; path = Mapper.hpp; sourceTree = "<group>"; };
		4475AD312B11F97F008DA122 /* TestPrefixMapper.mm */ = {isa = PBXFileReference; lastKnownFileType = sourcecode.cpp.objcpp; path = TestPrefixMapper.mm; sourceTree = "<group>"; };
		4475AD332B131F80008DA122 /* Main.xctestplan */ = {isa = PBXFileReference; lastKnownFileType = text; path = Main.xctestplan; sourceTree = "<group>"; };
		4475AD342B132242008DA122 /* Perf.xctestplan */ = {isa = PBXFileReference; lastKnownFileType = text; path = Perf.xctestplan; sourceTree = "<group>"; };
		447848802DDFA9D0008E6E36 /* uk.png */ = {isa = PBXFileReference; lastKnownFileType = image.png; path = uk.png; sourceTree = "<group>"; };
		447848822DDFA9EA008E6E36 /* TableUK.hpp */ = {isa = PBXFileReference; lastKnownFileType = sourcecode.cpp.h; path = TableUK.hpp; sourceTree = "<group>"; };
		447848832DDFE050008E6E36 /* Languages.hpp */ = {isa = PBXFileReference; lastKnownFileType = sourcecode.cpp.h; path = Languages.hpp; sourceTree = "<group>"; };
		447848842DDFE16E008E6E36 /* Languages.mm */ = {isa = PBXFileReference; lastKnownFileType = sourcecode.cpp.objcpp; path = Languages.mm; sourceTree = "<group>"; };
		448D57322B58F6A300A135E9 /* NSNumberUtil.h */ = {isa = PBXFileReference; fileEncoding = 4; lastKnownFileType = sourcecode.c.h; path = NSNumberUtil.h; sourceTree = "<group>"; };
		448D57332B58F6A300A135E9 /* BoxUtil.h */ = {isa = PBXFileReference; fileEncoding = 4; lastKnownFileType = sourcecode.c.h; path = BoxUtil.h; sourceTree = "<group>"; };
		448D57342B58F6A300A135E9 /* BlockUtil.h */ = {isa = PBXFileReference; fileEncoding = 4; lastKnownFileType = sourcecode.c.h; path = BlockUtil.h; sourceTree = "<group>"; };
		448D57352B58F6A300A135E9 /* XCTestUtil.h */ = {isa = PBXFileReference; fileEncoding = 4; lastKnownFileType = sourcecode.c.h; path = XCTestUtil.h; sourceTree = "<group>"; };
		448D57362B58F6A300A135E9 /* NSObjectUtil.h */ = {isa = PBXFileReference; fileEncoding = 4; lastKnownFileType = sourcecode.c.h; path = NSObjectUtil.h; sourceTree = "<group>"; };
		448D57372B58F6A300A135E9 /* CoDispatch.h */ = {isa = PBXFileReference; fileEncoding = 4; lastKnownFileType = sourcecode.c.h; path = CoDispatch.h; sourceTree = "<group>"; };
		448D57382B58F6A300A135E9 /* NSStringUtil.h */ = {isa = PBXFileReference; fileEncoding = 4; lastKnownFileType = sourcecode.c.h; path = NSStringUtil.h; sourceTree = "<group>"; };
		449738F62B44FA4300C7FAA9 /* MultiMatch.hpp */ = {isa = PBXFileReference; lastKnownFileType = sourcecode.cpp.h; path = MultiMatch.hpp; sourceTree = "<group>"; };
		44B947CE2B4698E500B68C7E /* TestPerf.mm */ = {isa = PBXFileReference; lastKnownFileType = sourcecode.cpp.objcpp; path = TestPerf.mm; sourceTree = "<group>"; };
		44B947D02B469B4C00B68C7E /* TestMapper.mm */ = {isa = PBXFileReference; lastKnownFileType = sourcecode.cpp.objcpp; path = TestMapper.mm; sourceTree = "<group>"; };
		44C6757E2B01B4FD003A5BDE /* TableRU.hpp */ = {isa = PBXFileReference; lastKnownFileType = sourcecode.cpp.h; path = TableRU.hpp; sourceTree = "<group>"; };
		44C675832B02153F003A5BDE /* TestRu.mm */ = {isa = PBXFileReference; lastKnownFileType = sourcecode.cpp.objcpp; path = TestRu.mm; sourceTree = "<group>"; };
		44C675B52B021B0F003A5BDE /* Cocoa.framework */ = {isa = PBXFileReference; lastKnownFileType = wrapper.framework; name = Cocoa.framework; path = System/Library/Frameworks/Cocoa.framework; sourceTree = SDKROOT; };
		44C675B72B025FEB003A5BDE /* .gitignore */ = {isa = PBXFileReference; fileEncoding = 4; lastKnownFileType = text; path = .gitignore; sourceTree = "<group>"; };
		44C675B92B02635A003A5BDE /* TableHE.hpp */ = {isa = PBXFileReference; lastKnownFileType = sourcecode.cpp.h; path = TableHE.hpp; sourceTree = "<group>"; };
		44C675BA2B026F43003A5BDE /* preferences.xib */ = {isa = PBXFileReference; lastKnownFileType = file.xib; path = preferences.xib; sourceTree = "<group>"; };
		44C675BC2B028225003A5BDE /* menu.xib */ = {isa = PBXFileReference; lastKnownFileType = file.xib; path = menu.xib; sourceTree = "<group>"; };
		44C675BE2B028713003A5BDE /* AppKit.framework */ = {isa = PBXFileReference; lastKnownFileType = wrapper.framework; name = AppKit.framework; path = System/Library/Frameworks/AppKit.framework; sourceTree = SDKROOT; };
		44C675C62B034E17003A5BDE /* MenuProtocol.hpp */ = {isa = PBXFileReference; explicitFileType = sourcecode.c.h; path = MenuProtocol.hpp; sourceTree = "<group>"; };
		44C675C72B03515B003A5BDE /* mappings.xib */ = {isa = PBXFileReference; lastKnownFileType = file.xib; path = mappings.xib; sourceTree = "<group>"; };
		44C675CA2B03E176003A5BDE /* ru.png */ = {isa = PBXFileReference; lastKnownFileType = image.png; path = ru.png; sourceTree = "<group>"; };
		44C675CC2B040B87003A5BDE /* he.png */ = {isa = PBXFileReference; lastKnownFileType = image.png; path = he.png; sourceTree = "<group>"; };
		44E971362B4D37D50032961E /* objc-helpers-Exports.xcconfig */ = {isa = PBXFileReference; lastKnownFileType = text.xcconfig; path = "objc-helpers-Exports.xcconfig"; sourceTree = "<group>"; };
		6D87255C09E91CF960D5DC68 /* libPods-Translit.a */ = {isa = PBXFileReference; explicitFileType = archive.ar; includeInIndex = 0; path = "libPods-Translit.a"; sourceTree = BUILT_PRODUCTS_DIR; };
/* End PBXFileReference section */

/* Begin PBXFrameworksBuildPhase section */
		445D1E442AFE2C6C00FA1C07 /* Frameworks */ = {
			isa = PBXFrameworksBuildPhase;
			files = (
				44C675B62B021B0F003A5BDE /* Cocoa.framework in Frameworks */,
				445D1E662AFFA1F700FA1C07 /* InputMethodKit.framework in Frameworks */,
				442D25A82B06C56200204800 /* Carbon.framework in Frameworks */,
				442D25B22B089F2F00204800 /* WebKit.framework in Frameworks */,
			);
		};
		446DBB8B2B00BD53000B76EC /* Frameworks */ = {
			isa = PBXFrameworksBuildPhase;
			files = (
			);
		};
/* End PBXFrameworksBuildPhase section */

/* Begin PBXGroup section */
		442D258B2B05F5E900204800 /* config */ = {
			isa = PBXGroup;
			children = (
				442D258C2B05F60900204800 /* Project.xcconfig */,
				442D258D2B05F74200204800 /* Project_Debug.xcconfig */,
				442D258E2B05F75000204800 /* Project_Release.xcconfig */,
				442D258F2B05FB9C00204800 /* Translit.xcconfig */,
				442D25922B06016600204800 /* TranslitTests.xcconfig */,
				44E971362B4D37D50032961E /* objc-helpers-Exports.xcconfig */,
				442D25A72B06349800204800 /* Installer.xcconfig */,
			);
			path = config;
			sourceTree = "<group>";
		};
		442D25992B06040300204800 /* Installer */ = {
			isa = PBXGroup;
			children = (
				442D25A32B06043800204800 /* build.py */,
				442D259A2B06043800204800 /* distribution.xml */,
				442D259B2B06043800204800 /* html */,
				442D25A22B06043800204800 /* notarize */,
				442D259F2B06043800204800 /* scripts */,
			);
			path = Installer;
			sourceTree = "<group>";
		};
		442D259B2B06043800204800 /* html */ = {
			isa = PBXGroup;
			children = (
				442D259C2B06043800204800 /* conclusion.html */,
				442D259D2B06043800204800 /* license.html */,
				442D259E2B06043800204800 /* welcome.html */,
			);
			path = html;
			sourceTree = "<group>";
		};
		442D259F2B06043800204800 /* scripts */ = {
			isa = PBXGroup;
			children = (
				442D25A02B06043800204800 /* postinstall */,
				442D25A12B06043800204800 /* preinstall */,
			);
			path = scripts;
			sourceTree = "<group>";
		};
		442D25B52B0AC6EA00204800 /* tools */ = {
			isa = PBXGroup;
			children = (
				442D25BB2B0ADC3A00204800 /* create-release */,
				442D25B62B0AC70F00204800 /* set-github-keychain */,
				442D25B92B0ACCA000204800 /* get-version */,
				442D25C12B0B8C6C00204800 /* format-file */,
			);
			path = tools;
			sourceTree = "<group>";
		};
		442D25B72B0AC75800204800 /* workflows */ = {
			isa = PBXGroup;
			children = (
				442D25B82B0AC76F00204800 /* test.yml */,
				442D25BA2B0AD32400204800 /* publish.yml */,
			);
			name = workflows;
			path = .github/workflows;
			sourceTree = "<group>";
		};
		442D25C72B0B93AE00204800 /* generated */ = {
			isa = PBXGroup;
			children = (
				442D25C82B0B93D500204800 /* InfoPlist.strings */,
				442D25C62B0B93A500204800 /* Info.plist */,
			);
			path = generated;
			sourceTree = "<group>";
		};
		445D1E3E2AFE2C6C00FA1C07 = {
			isa = PBXGroup;
			children = (
				44C675B72B025FEB003A5BDE /* .gitignore */,
				442D25C02B0B308000204800 /* README.md */,
				442D25BC2B0ADCB200204800 /* CHANGELOG.md */,
				442D25A52B0627A100204800 /* LICENSE */,
				442D25B32B09699600204800 /* fetch */,
				442D258A2B05F4D200204800 /* Version.xcconfig */,
				442D25A62B062EBA00204800 /* Local.xcconfig */,
				442D25B72B0AC75800204800 /* workflows */,
				442D25B52B0AC6EA00204800 /* tools */,
				442D258B2B05F5E900204800 /* config */,
				44C675D02B04165C003A5BDE /* External */,
				445D1E492AFE2C6C00FA1C07 /* Translit */,
				442D25992B06040300204800 /* Installer */,
				445D1E482AFE2C6C00FA1C07 /* Products */,
				584BD828FEB6DF6BB2BB37C1 /* Frameworks */,
			);
			sourceTree = "<group>";
		};
		445D1E482AFE2C6C00FA1C07 /* Products */ = {
			isa = PBXGroup;
			children = (
				445D1E472AFE2C6C00FA1C07 /* Translit.app */,
				446DBB8E2B00BD53000B76EC /* TranslitTests.xctest */,
			);
			name = Products;
			sourceTree = "<group>";
		};
		445D1E492AFE2C6C00FA1C07 /* Translit */ = {
			isa = PBXGroup;
			children = (
				442D25C72B0B93AE00204800 /* generated */,
				445D1E5C2AFE338B00FA1C07 /* src */,
				44C675C92B03E15E003A5BDE /* res */,
				446DBB8F2B00BD53000B76EC /* tests */,
				445D1E712AFFFAB800FA1C07 /* Info.plist */,
			);
			path = Translit;
			sourceTree = "<group>";
		};
		445D1E5C2AFE338B00FA1C07 /* src */ = {
			isa = PBXGroup;
			children = (
				445D1E522AFE2C6F00FA1C07 /* main.mm */,
				442D25CD2B0CC9C200204800 /* Uninstall.hpp */,
				442D25CB2B0CC97100204800 /* Uninstall.mm */,
				445D1E4A2AFE2C6C00FA1C07 /* AppDelegate.hpp */,
				445D1E4B2AFE2C6C00FA1C07 /* AppDelegate.mm */,
				44C675C62B034E17003A5BDE /* MenuProtocol.hpp */,
				445D1E5E2AFE35AA00FA1C07 /* InputController.mm */,
				4428E40D2DDD9DE4006C1285 /* InputControllerProtocol.hpp */,
				447848832DDFE050008E6E36 /* Languages.hpp */,
				447848842DDFE16E008E6E36 /* Languages.mm */,
				4475AD302B11EEE4008DA122 /* Mapper.hpp */,
				449738F62B44FA4300C7FAA9 /* MultiMatch.hpp */,
				445D1E612AFE364900FA1C07 /* Transliterator.hpp */,
				445D1E602AFE364900FA1C07 /* Transliterator.mm */,
				44C6757E2B01B4FD003A5BDE /* TableRU.hpp */,
				447848822DDFA9EA008E6E36 /* TableUK.hpp */,
				44C675B92B02635A003A5BDE /* TableHE.hpp */,
				442D25802B044EE000204800 /* MappingsWindowController.hpp */,
				442D25812B044EE000204800 /* MappingsWindowController.mm */,
				442D25AA2B08339F00204800 /* AboutWindowController.hpp */,
				442D25AB2B08339F00204800 /* AboutWindowController.mm */,
				442D25A92B07BFB600204800 /* pch.hpp */,
			);
			path = src;
			sourceTree = "<group>";
		};
		446DBB8F2B00BD53000B76EC /* tests */ = {
			isa = PBXGroup;
			children = (
				4475AD312B11F97F008DA122 /* TestPrefixMapper.mm */,
				44B947D02B469B4C00B68C7E /* TestMapper.mm */,
				44C675832B02153F003A5BDE /* TestRu.mm */,
				44B947CE2B4698E500B68C7E /* TestPerf.mm */,
				442D25BD2B0B2D2C00204800 /* TestCommon.hpp */,
				4475AD332B131F80008DA122 /* Main.xctestplan */,
				4475AD342B132242008DA122 /* Perf.xctestplan */,
			);
			path = tests;
			sourceTree = "<group>";
		};
		448D572F2B58F67500A135E9 /* objc-helpers */ = {
			isa = PBXGroup;
			children = (
				448D57302B58F6A300A135E9 /* include */,
			);
			path = "objc-helpers";
			sourceTree = "<group>";
		};
		448D57302B58F6A300A135E9 /* include */ = {
			isa = PBXGroup;
			children = (
				448D57312B58F6A300A135E9 /* objc-helpers */,
			);
			path = include;
			sourceTree = "<group>";
		};
		448D57312B58F6A300A135E9 /* objc-helpers */ = {
			isa = PBXGroup;
			children = (
				448D57322B58F6A300A135E9 /* NSNumberUtil.h */,
				448D57332B58F6A300A135E9 /* BoxUtil.h */,
				448D57342B58F6A300A135E9 /* BlockUtil.h */,
				448D57352B58F6A300A135E9 /* XCTestUtil.h */,
				448D57362B58F6A300A135E9 /* NSObjectUtil.h */,
				448D57372B58F6A300A135E9 /* CoDispatch.h */,
				448D57382B58F6A300A135E9 /* NSStringUtil.h */,
			);
			path = "objc-helpers";
			sourceTree = "<group>";
		};
		44C675C92B03E15E003A5BDE /* res */ = {
			isa = PBXGroup;
			children = (
				4428E4102DDDCCD7006C1285 /* mapping-he.html */,
				4428E4112DDDCCD7006C1285 /* mapping-ru.html */,
				44098FE42DE0107800FAA397 /* mapping-uk.html */,
				44098FE62DE012D100FAA397 /* mapping-uk.translit-ru.html */,
				4428E4122DDDCCD7006C1285 /* mapping-ru.translit-ru.html */,
				445D1E722AFFFAE600FA1C07 /* InfoPlist.strings */,
				445D1E4D2AFE2C6F00FA1C07 /* Assets.xcassets */,
				44C675BA2B026F43003A5BDE /* preferences.xib */,
				44C675BC2B028225003A5BDE /* menu.xib */,
				44C675C72B03515B003A5BDE /* mappings.xib */,
				44C675CA2B03E176003A5BDE /* ru.png */,
				447848802DDFA9D0008E6E36 /* uk.png */,
				44C675CC2B040B87003A5BDE /* he.png */,
				442D25AD2B088B5700204800 /* about.html */,
			);
			path = res;
			sourceTree = "<group>";
		};
		44C675D02B04165C003A5BDE /* External */ = {
			isa = PBXGroup;
			children = (
				448D572F2B58F67500A135E9 /* objc-helpers */,
			);
			path = External;
			sourceTree = "<group>";
		};
		584BD828FEB6DF6BB2BB37C1 /* Frameworks */ = {
			isa = PBXGroup;
			children = (
				442D25B12B089F2F00204800 /* WebKit.framework */,
				442D25872B04AEA200204800 /* Carbon.framework */,
				44C675BE2B028713003A5BDE /* AppKit.framework */,
				44C675B52B021B0F003A5BDE /* Cocoa.framework */,
				445D1E652AFFA1F700FA1C07 /* InputMethodKit.framework */,
				6D87255C09E91CF960D5DC68 /* libPods-Translit.a */,
			);
			name = Frameworks;
			sourceTree = "<group>";
		};
/* End PBXGroup section */

/* Begin PBXNativeTarget section */
		445D1E462AFE2C6C00FA1C07 /* Translit */ = {
			isa = PBXNativeTarget;
			buildConfigurationList = 445D1E572AFE2C6F00FA1C07 /* Build configuration list for PBXNativeTarget "Translit" */;
			buildPhases = (
				442D25C22B0B8D8200204800 /* Generate Info.plist */,
				445D1E432AFE2C6C00FA1C07 /* Sources */,
				445D1E442AFE2C6C00FA1C07 /* Frameworks */,
				445D1E452AFE2C6C00FA1C07 /* Resources */,
			);
			buildRules = (
			);
			name = Translit;
			productName = Translit;
			productReference = 445D1E472AFE2C6C00FA1C07 /* Translit.app */;
			productType = "com.apple.product-type.application";
		};
		446DBB8D2B00BD53000B76EC /* TranslitTests */ = {
			isa = PBXNativeTarget;
			buildConfigurationList = 446DBB942B00BD53000B76EC /* Build configuration list for PBXNativeTarget "TranslitTests" */;
			buildPhases = (
				446DBB8A2B00BD53000B76EC /* Sources */,
				446DBB8B2B00BD53000B76EC /* Frameworks */,
				446DBB8C2B00BD53000B76EC /* Resources */,
			);
			buildRules = (
			);
			dependencies = (
				446DBB932B00BD53000B76EC /* PBXTargetDependency */,
			);
			name = TranslitTests;
			productName = TranslitTests;
			productReference = 446DBB8E2B00BD53000B76EC /* TranslitTests.xctest */;
			productType = "com.apple.product-type.bundle.unit-test";
		};
/* End PBXNativeTarget section */

/* Begin PBXProject section */
		445D1E3F2AFE2C6C00FA1C07 /* Project object */ = {
			isa = PBXProject;
			attributes = {
				BuildIndependentTargetsInParallel = 1;
				LastUpgradeCheck = 1630;
				TargetAttributes = {
					442D25932B0603B200204800 = {
						CreatedOnToolsVersion = 15.0;
					};
					445D1E462AFE2C6C00FA1C07 = {
						CreatedOnToolsVersion = 15.0;
					};
					446DBB8D2B00BD53000B76EC = {
						CreatedOnToolsVersion = 15.0;
					};
				};
			};
			buildConfigurationList = 445D1E422AFE2C6C00FA1C07 /* Build configuration list for PBXProject "Translit" */;
			developmentRegion = en;
			hasScannedForEncodings = 0;
			knownRegions = (
				en,
				Base,
			);
			mainGroup = 445D1E3E2AFE2C6C00FA1C07;
			preferredProjectObjectVersion = 90;
			productRefGroup = 445D1E482AFE2C6C00FA1C07 /* Products */;
			projectDirPath = "";
			projectRoot = "";
			targets = (
				445D1E462AFE2C6C00FA1C07 /* Translit */,
				446DBB8D2B00BD53000B76EC /* TranslitTests */,
				442D25932B0603B200204800 /* Installer */,
			);
		};
/* End PBXProject section */

/* Begin PBXResourcesBuildPhase section */
		445D1E452AFE2C6C00FA1C07 /* Resources */ = {
			isa = PBXResourcesBuildPhase;
			files = (
				445D1E4E2AFE2C6F00FA1C07 /* Assets.xcassets in Resources */,
				44C675BD2B028225003A5BDE /* menu.xib in Resources */,
				44098FE52DE0107800FAA397 /* mapping-uk.html in Resources */,
				44C675BB2B026F43003A5BDE /* preferences.xib in Resources */,
				4428E4132DDDCCD7006C1285 /* mapping-ru.translit-ru.html in Resources */,
				44098FE72DE012D100FAA397 /* mapping-uk.translit-ru.html in Resources */,
				4428E4142DDDCCD7006C1285 /* mapping-he.html in Resources */,
				447848812DDFA9D0008E6E36 /* uk.png in Resources */,
				4428E4152DDDCCD7006C1285 /* mapping-ru.html in Resources */,
				44C675C82B03515B003A5BDE /* mappings.xib in Resources */,
				44C675CB2B03E176003A5BDE /* ru.png in Resources */,
				44C675CD2B040B87003A5BDE /* he.png in Resources */,
				442D25AE2B088B5700204800 /* about.html in Resources */,
				442D25CA2B0B93D500204800 /* InfoPlist.strings in Resources */,
			);
		};
		446DBB8C2B00BD53000B76EC /* Resources */ = {
			isa = PBXResourcesBuildPhase;
			files = (
			);
		};
/* End PBXResourcesBuildPhase section */

/* Begin PBXShellScriptBuildPhase section */
		442D25A42B0605CB00204800 /* Build Installer */ = {
			isa = PBXShellScriptBuildPhase;
			alwaysOutOfDate = 1;
			name = "Build Installer";
			shellPath = /bin/sh;
			shellScript = (
				"$SRCROOT/Installer/build.py \"$BUILT_PRODUCTS_DIR\" \"$TARGET_TEMP_DIR\"",
				"",
			);
		};
		442D25C22B0B8D8200204800 /* Generate Info.plist */ = {
			isa = PBXShellScriptBuildPhase;
			inputPaths = (
				"$(SRCROOT)/Translit/Info.plist",
				$SRCROOT/Translit/res/Base.lproj/InfoPlist.strings,
			);
			name = "Generate Info.plist";
			outputPaths = (
				$SRCROOT/Translit/generated/Info.plist,
				$SRCROOT/Translit/generated/Base.lproj/InfoPlist.strings,
			);
			shellPath = /bin/sh;
			shellScript = (
				"mkdir -p $SRCROOT/Translit/generated",
				"$SRCROOT/tools/format-file $SRCROOT/Translit/Info.plist $SRCROOT/Translit/generated/Info.plist",
				"mkdir -p $SRCROOT/Translit/generated/Base.lproj",
				"$SRCROOT/tools/format-file $SRCROOT/Translit/res/Base.lproj/InfoPlist.strings $SRCROOT/Translit/generated/Base.lproj/InfoPlist.strings",
				"",
			);
			showEnvVarsInLog = 0;
		};
/* End PBXShellScriptBuildPhase section */

/* Begin PBXSourcesBuildPhase section */
		445D1E432AFE2C6C00FA1C07 /* Sources */ = {
			isa = PBXSourcesBuildPhase;
			files = (
				442D25CC2B0CC97100204800 /* Uninstall.mm in Sources */,
				442D25AC2B08339F00204800 /* AboutWindowController.mm in Sources */,
				445D1E532AFE2C6F00FA1C07 /* main.mm in Sources */,
				447848852DDFE178008E6E36 /* Languages.mm in Sources */,
				442D25822B044EE000204800 /* MappingsWindowController.mm in Sources */,
				445D1E622AFE364900FA1C07 /* Transliterator.mm in Sources */,
				445D1E5F2AFE35AA00FA1C07 /* InputController.mm in Sources */,
				445D1E4C2AFE2C6C00FA1C07 /* AppDelegate.mm in Sources */,
			);
		};
		446DBB8A2B00BD53000B76EC /* Sources */ = {
			isa = PBXSourcesBuildPhase;
			files = (
				4475AD322B11F97F008DA122 /* TestPrefixMapper.mm in Sources */,
				442D25B42B0A2E1B00204800 /* Transliterator.mm in Sources */,
				44B947D12B469B4C00B68C7E /* TestMapper.mm in Sources */,
				44B947CF2B4698E500B68C7E /* TestPerf.mm in Sources */,
				44C675842B02153F003A5BDE /* TestRu.mm in Sources */,
			);
		};
/* End PBXSourcesBuildPhase section */

/* Begin PBXTargetDependency section */
		442D25982B0603C800204800 /* PBXTargetDependency */ = {
			isa = PBXTargetDependency;
			target = 445D1E462AFE2C6C00FA1C07 /* Translit */;
			targetProxy = 442D25972B0603C800204800 /* PBXContainerItemProxy */;
		};
		446DBB932B00BD53000B76EC /* PBXTargetDependency */ = {
			isa = PBXTargetDependency;
			target = 445D1E462AFE2C6C00FA1C07 /* Translit */;
			targetProxy = 446DBB922B00BD53000B76EC /* PBXContainerItemProxy */;
		};
/* End PBXTargetDependency section */

/* Begin PBXVariantGroup section */
		442D25C82B0B93D500204800 /* InfoPlist.strings */ = {
			isa = PBXVariantGroup;
			children = (
				442D25C92B0B93D500204800 /* Base */,
			);
			name = InfoPlist.strings;
			sourceTree = "<group>";
		};
		445D1E722AFFFAE600FA1C07 /* InfoPlist.strings */ = {
			isa = PBXVariantGroup;
			children = (
				445D1E732AFFFAE600FA1C07 /* Base */,
			);
			name = InfoPlist.strings;
			sourceTree = "<group>";
		};
/* End PBXVariantGroup section */

/* Begin XCBuildConfiguration section */
		442D25952B0603B200204800 /* Debug configuration for PBXAggregateTarget "Installer" */ = {
			isa = XCBuildConfiguration;
			baseConfigurationReference = 442D25A72B06349800204800 /* Installer.xcconfig */;
			buildSettings = {
			};
			name = Debug;
		};
		442D25962B0603B200204800 /* Release configuration for PBXAggregateTarget "Installer" */ = {
			isa = XCBuildConfiguration;
			baseConfigurationReference = 442D25A72B06349800204800 /* Installer.xcconfig */;
			buildSettings = {
			};
			name = Release;
		};
		445D1E552AFE2C6F00FA1C07 /* Debug configuration for PBXProject "Translit" */ = {
			isa = XCBuildConfiguration;
			baseConfigurationReference = 442D258D2B05F74200204800 /* Project_Debug.xcconfig */;
			buildSettings = {
			};
			name = Debug;
		};
		445D1E562AFE2C6F00FA1C07 /* Release configuration for PBXProject "Translit" */ = {
			isa = XCBuildConfiguration;
			baseConfigurationReference = 442D258E2B05F75000204800 /* Project_Release.xcconfig */;
			buildSettings = {
			};
			name = Release;
		};
		445D1E582AFE2C6F00FA1C07 /* Debug configuration for PBXNativeTarget "Translit" */ = {
			isa = XCBuildConfiguration;
			baseConfigurationReference = 442D258F2B05FB9C00204800 /* Translit.xcconfig */;
			buildSettings = {
			};
			name = Debug;
		};
		445D1E592AFE2C6F00FA1C07 /* Release configuration for PBXNativeTarget "Translit" */ = {
			isa = XCBuildConfiguration;
			baseConfigurationReference = 442D258F2B05FB9C00204800 /* Translit.xcconfig */;
			buildSettings = {
			};
			name = Release;
		};
		446DBB952B00BD53000B76EC /* Debug configuration for PBXNativeTarget "TranslitTests" */ = {
			isa = XCBuildConfiguration;
			baseConfigurationReference = 442D25922B06016600204800 /* TranslitTests.xcconfig */;
			buildSettings = {
			};
			name = Debug;
		};
		446DBB962B00BD53000B76EC /* Release configuration for PBXNativeTarget "TranslitTests" */ = {
			isa = XCBuildConfiguration;
			baseConfigurationReference = 442D25922B06016600204800 /* TranslitTests.xcconfig */;
			buildSettings = {
			};
			name = Release;
		};
/* End XCBuildConfiguration section */

/* Begin XCConfigurationList section */
		442D25942B0603B200204800 /* Build configuration list for PBXAggregateTarget "Installer" */ = {
			isa = XCConfigurationList;
			buildConfigurations = (
				442D25952B0603B200204800 /* Debug configuration for PBXAggregateTarget "Installer" */,
				442D25962B0603B200204800 /* Release configuration for PBXAggregateTarget "Installer" */,
			);
			defaultConfigurationName = Release;
		};
		445D1E422AFE2C6C00FA1C07 /* Build configuration list for PBXProject "Translit" */ = {
			isa = XCConfigurationList;
			buildConfigurations = (
				445D1E552AFE2C6F00FA1C07 /* Debug configuration for PBXProject "Translit" */,
				445D1E562AFE2C6F00FA1C07 /* Release configuration for PBXProject "Translit" */,
			);
			defaultConfigurationName = Release;
		};
		445D1E572AFE2C6F00FA1C07 /* Build configuration list for PBXNativeTarget "Translit" */ = {
			isa = XCConfigurationList;
			buildConfigurations = (
				445D1E582AFE2C6F00FA1C07 /* Debug configuration for PBXNativeTarget "Translit" */,
				445D1E592AFE2C6F00FA1C07 /* Release configuration for PBXNativeTarget "Translit" */,
			);
			defaultConfigurationName = Release;
		};
		446DBB942B00BD53000B76EC /* Build configuration list for PBXNativeTarget "TranslitTests" */ = {
			isa = XCConfigurationList;
			buildConfigurations = (
				446DBB952B00BD53000B76EC /* Debug configuration for PBXNativeTarget "TranslitTests" */,
				446DBB962B00BD53000B76EC /* Release configuration for PBXNativeTarget "TranslitTests" */,
			);
			defaultConfigurationName = Release;
		};
/* End XCConfigurationList section */
	};
	rootObject = 445D1E3F2AFE2C6C00FA1C07 /* Project object */;
}
